// !$*UTF8*$!
{
	archiveVersion = 1;
	classes = {
	};
	objectVersion = 46;
	objects = {

/* Begin PBXBuildFile section */
		DE0B18A91CC61FB600B07E98 /* dead2.mp3 in Resources */ = {isa = PBXBuildFile; fileRef = DE0B18A71CC61FB600B07E98 /* dead2.mp3 */; };
		DE0B18AA1CC61FB600B07E98 /* shot1.mp3 in Resources */ = {isa = PBXBuildFile; fileRef = DE0B18A81CC61FB600B07E98 /* shot1.mp3 */; };
		DE0B18AE1CC6306100B07E98 /* gameOver3.mp3 in Resources */ = {isa = PBXBuildFile; fileRef = DE0B18AC1CC6306100B07E98 /* gameOver3.mp3 */; };
		DE2B3B221C9DD27900EE1D36 /* ACRocket.m in Sources */ = {isa = PBXBuildFile; fileRef = DE2B3B211C9DD27900EE1D36 /* ACRocket.m */; };
		DE2C18381C9F1F90002B9427 /* ACEnemy.m in Sources */ = {isa = PBXBuildFile; fileRef = DE2C18371C9F1F90002B9427 /* ACEnemy.m */; };
		DE2C183B1C9F3278002B9427 /* ACSpaceObject.m in Sources */ = {isa = PBXBuildFile; fileRef = DE2C183A1C9F3278002B9427 /* ACSpaceObject.m */; };
		DE5A9BF11CB17F26004755F0 /* ACStartViewController.m in Sources */ = {isa = PBXBuildFile; fileRef = DE5A9BF01CB17F26004755F0 /* ACStartViewController.m */; };
		DE5A9BFD1CB18C51004755F0 /* AVFoundation.framework in Frameworks */ = {isa = PBXBuildFile; fileRef = DE5A9BFC1CB18C51004755F0 /* AVFoundation.framework */; };
		DE70D9041C99DD690087BB5C /* main.m in Sources */ = {isa = PBXBuildFile; fileRef = DE70D9031C99DD690087BB5C /* main.m */; };
		DE70D9071C99DD690087BB5C /* AppDelegate.m in Sources */ = {isa = PBXBuildFile; fileRef = DE70D9061C99DD690087BB5C /* AppDelegate.m */; };
		DE70D90A1C99DD690087BB5C /* ACSceneViewController.m in Sources */ = {isa = PBXBuildFile; fileRef = DE70D9091C99DD690087BB5C /* ACSceneViewController.m */; };
		DE70D90D1C99DD690087BB5C /* Main.storyboard in Resources */ = {isa = PBXBuildFile; fileRef = DE70D90B1C99DD690087BB5C /* Main.storyboard */; };
		DE70D90F1C99DD690087BB5C /* Assets.xcassets in Resources */ = {isa = PBXBuildFile; fileRef = DE70D90E1C99DD690087BB5C /* Assets.xcassets */; };
		DE70D9121C99DD690087BB5C /* LaunchScreen.storyboard in Resources */ = {isa = PBXBuildFile; fileRef = DE70D9101C99DD690087BB5C /* LaunchScreen.storyboard */; };
		DE70D91B1C99DDD60087BB5C /* ACSpaceShip.m in Sources */ = {isa = PBXBuildFile; fileRef = DE70D91A1C99DDD60087BB5C /* ACSpaceShip.m */; };
		DE80AE6D1CC3874500E8DE73 /* ACPauseControllerViewController.m in Sources */ = {isa = PBXBuildFile; fileRef = DE80AE6C1CC3874500E8DE73 /* ACPauseControllerViewController.m */; };
		DE80AE771CC3B59A00E8DE73 /* ACGameOverController.m in Sources */ = {isa = PBXBuildFile; fileRef = DE80AE761CC3B59A00E8DE73 /* ACGameOverController.m */; };
		DE80AE7B1CC3D1C700E8DE73 /* SuperBonk_TwilightSpace.mp3 in Resources */ = {isa = PBXBuildFile; fileRef = DE80AE7A1CC3D1C700E8DE73 /* SuperBonk_TwilightSpace.mp3 */; };
		DEE3608D1CC79E080067F67F /* ACMainUIButton.m in Sources */ = {isa = PBXBuildFile; fileRef = DEE3608C1CC79E080067F67F /* ACMainUIButton.m */; };
		DEE360901CC7B0450067F67F /* ACMainLabel.m in Sources */ = {isa = PBXBuildFile; fileRef = DEE3608F1CC7B0450067F67F /* ACMainLabel.m */; };
/* End PBXBuildFile section */

/* Begin PBXFileReference section */
		DE0B18A71CC61FB600B07E98 /* dead2.mp3 */ = {isa = PBXFileReference; lastKnownFileType = audio.mp3; path = dead2.mp3; sourceTree = "<group>"; };
		DE0B18A81CC61FB600B07E98 /* shot1.mp3 */ = {isa = PBXFileReference; lastKnownFileType = audio.mp3; path = shot1.mp3; sourceTree = "<group>"; };
		DE0B18AC1CC6306100B07E98 /* gameOver3.mp3 */ = {isa = PBXFileReference; lastKnownFileType = audio.mp3; path = gameOver3.mp3; sourceTree = "<group>"; };
		DE2B3B201C9DD27900EE1D36 /* ACRocket.h */ = {isa = PBXFileReference; fileEncoding = 4; lastKnownFileType = sourcecode.c.h; path = ACRocket.h; sourceTree = "<group>"; };
		DE2B3B211C9DD27900EE1D36 /* ACRocket.m */ = {isa = PBXFileReference; fileEncoding = 4; lastKnownFileType = sourcecode.c.objc; path = ACRocket.m; sourceTree = "<group>"; };
		DE2C18361C9F1F90002B9427 /* ACEnemy.h */ = {isa = PBXFileReference; fileEncoding = 4; lastKnownFileType = sourcecode.c.h; path = ACEnemy.h; sourceTree = "<group>"; };
		DE2C18371C9F1F90002B9427 /* ACEnemy.m */ = {isa = PBXFileReference; fileEncoding = 4; lastKnownFileType = sourcecode.c.objc; path = ACEnemy.m; sourceTree = "<group>"; };
		DE2C18391C9F3278002B9427 /* ACSpaceObject.h */ = {isa = PBXFileReference; fileEncoding = 4; lastKnownFileType = sourcecode.c.h; path = ACSpaceObject.h; sourceTree = "<group>"; };
		DE2C183A1C9F3278002B9427 /* ACSpaceObject.m */ = {isa = PBXFileReference; fileEncoding = 4; lastKnownFileType = sourcecode.c.objc; path = ACSpaceObject.m; sourceTree = "<group>"; };
		DE5A9BEF1CB17F26004755F0 /* ACStartViewController.h */ = {isa = PBXFileReference; fileEncoding = 4; lastKnownFileType = sourcecode.c.h; path = ACStartViewController.h; sourceTree = "<group>"; };
		DE5A9BF01CB17F26004755F0 /* ACStartViewController.m */ = {isa = PBXFileReference; fileEncoding = 4; lastKnownFileType = sourcecode.c.objc; path = ACStartViewController.m; sourceTree = "<group>"; };
		DE5A9BFC1CB18C51004755F0 /* AVFoundation.framework */ = {isa = PBXFileReference; lastKnownFileType = wrapper.framework; name = AVFoundation.framework; path = System/Library/Frameworks/AVFoundation.framework; sourceTree = SDKROOT; };
		DE70D8FF1C99DD690087BB5C /* spaceGame.app */ = {isa = PBXFileReference; explicitFileType = wrapper.application; includeInIndex = 0; path = spaceGame.app; sourceTree = BUILT_PRODUCTS_DIR; };
		DE70D9031C99DD690087BB5C /* main.m */ = {isa = PBXFileReference; lastKnownFileType = sourcecode.c.objc; path = main.m; sourceTree = "<group>"; };
		DE70D9051C99DD690087BB5C /* AppDelegate.h */ = {isa = PBXFileReference; lastKnownFileType = sourcecode.c.h; path = AppDelegate.h; sourceTree = "<group>"; };
		DE70D9061C99DD690087BB5C /* AppDelegate.m */ = {isa = PBXFileReference; lastKnownFileType = sourcecode.c.objc; path = AppDelegate.m; sourceTree = "<group>"; };
		DE70D9081C99DD690087BB5C /* ACSceneViewController.h */ = {isa = PBXFileReference; lastKnownFileType = sourcecode.c.h; path = ACSceneViewController.h; sourceTree = "<group>"; };
		DE70D9091C99DD690087BB5C /* ACSceneViewController.m */ = {isa = PBXFileReference; lastKnownFileType = sourcecode.c.objc; path = ACSceneViewController.m; sourceTree = "<group>"; };
		DE70D90C1C99DD690087BB5C /* Base */ = {isa = PBXFileReference; lastKnownFileType = file.storyboard; name = Base; path = Base.lproj/Main.storyboard; sourceTree = "<group>"; };
		DE70D90E1C99DD690087BB5C /* Assets.xcassets */ = {isa = PBXFileReference; lastKnownFileType = folder.assetcatalog; path = Assets.xcassets; sourceTree = "<group>"; };
		DE70D9111C99DD690087BB5C /* Base */ = {isa = PBXFileReference; lastKnownFileType = file.storyboard; name = Base; path = Base.lproj/LaunchScreen.storyboard; sourceTree = "<group>"; };
		DE70D9131C99DD690087BB5C /* Info.plist */ = {isa = PBXFileReference; lastKnownFileType = text.plist.xml; path = Info.plist; sourceTree = "<group>"; };
		DE70D9191C99DDD60087BB5C /* ACSpaceShip.h */ = {isa = PBXFileReference; fileEncoding = 4; lastKnownFileType = sourcecode.c.h; path = ACSpaceShip.h; sourceTree = "<group>"; };
		DE70D91A1C99DDD60087BB5C /* ACSpaceShip.m */ = {isa = PBXFileReference; fileEncoding = 4; lastKnownFileType = sourcecode.c.objc; path = ACSpaceShip.m; sourceTree = "<group>"; };
		DE80AE6B1CC3874500E8DE73 /* ACPauseControllerViewController.h */ = {isa = PBXFileReference; fileEncoding = 4; lastKnownFileType = sourcecode.c.h; path = ACPauseControllerViewController.h; sourceTree = "<group>"; };
		DE80AE6C1CC3874500E8DE73 /* ACPauseControllerViewController.m */ = {isa = PBXFileReference; fileEncoding = 4; lastKnownFileType = sourcecode.c.objc; path = ACPauseControllerViewController.m; sourceTree = "<group>"; };
		DE80AE751CC3B59A00E8DE73 /* ACGameOverController.h */ = {isa = PBXFileReference; fileEncoding = 4; lastKnownFileType = sourcecode.c.h; path = ACGameOverController.h; sourceTree = "<group>"; };
		DE80AE761CC3B59A00E8DE73 /* ACGameOverController.m */ = {isa = PBXFileReference; fileEncoding = 4; lastKnownFileType = sourcecode.c.objc; path = ACGameOverController.m; sourceTree = "<group>"; };
		DE80AE7A1CC3D1C700E8DE73 /* SuperBonk_TwilightSpace.mp3 */ = {isa = PBXFileReference; lastKnownFileType = audio.mp3; path = SuperBonk_TwilightSpace.mp3; sourceTree = "<group>"; };
		DEE3608B1CC79E080067F67F /* ACMainUIButton.h */ = {isa = PBXFileReference; fileEncoding = 4; lastKnownFileType = sourcecode.c.h; path = ACMainUIButton.h; sourceTree = "<group>"; };
		DEE3608C1CC79E080067F67F /* ACMainUIButton.m */ = {isa = PBXFileReference; fileEncoding = 4; lastKnownFileType = sourcecode.c.objc; path = ACMainUIButton.m; sourceTree = "<group>"; };
		DEE3608E1CC7B0450067F67F /* ACMainLabel.h */ = {isa = PBXFileReference; fileEncoding = 4; lastKnownFileType = sourcecode.c.h; path = ACMainLabel.h; sourceTree = "<group>"; };
		DEE3608F1CC7B0450067F67F /* ACMainLabel.m */ = {isa = PBXFileReference; fileEncoding = 4; lastKnownFileType = sourcecode.c.objc; path = ACMainLabel.m; sourceTree = "<group>"; };
/* End PBXFileReference section */

/* Begin PBXFrameworksBuildPhase section */
		DE70D8FC1C99DD690087BB5C /* Frameworks */ = {
			isa = PBXFrameworksBuildPhase;
			buildActionMask = 2147483647;
			files = (
				DE5A9BFD1CB18C51004755F0 /* AVFoundation.framework in Frameworks */,
			);
			runOnlyForDeploymentPostprocessing = 0;
		};
/* End PBXFrameworksBuildPhase section */

/* Begin PBXGroup section */
		BA0E7BD71CA85D9F00FF1210 /* Models */ = {
			isa = PBXGroup;
			children = (
				DE2C18391C9F3278002B9427 /* ACSpaceObject.h */,
				DE2C183A1C9F3278002B9427 /* ACSpaceObject.m */,
				DE70D9191C99DDD60087BB5C /* ACSpaceShip.h */,
				DE70D91A1C99DDD60087BB5C /* ACSpaceShip.m */,
				DE2C18361C9F1F90002B9427 /* ACEnemy.h */,
				DE2C18371C9F1F90002B9427 /* ACEnemy.m */,
				DE2B3B201C9DD27900EE1D36 /* ACRocket.h */,
				DE2B3B211C9DD27900EE1D36 /* ACRocket.m */,
				DEE3608B1CC79E080067F67F /* ACMainUIButton.h */,
				DEE3608C1CC79E080067F67F /* ACMainUIButton.m */,
				DEE3608E1CC7B0450067F67F /* ACMainLabel.h */,
				DEE3608F1CC7B0450067F67F /* ACMainLabel.m */,
			);
			name = Models;
			sourceTree = "<group>";
		};
		DE1D912D1CB55DC700E70051 /* Controllers */ = {
			isa = PBXGroup;
			children = (
				DE5A9BEF1CB17F26004755F0 /* ACStartViewController.h */,
				DE5A9BF01CB17F26004755F0 /* ACStartViewController.m */,
				DE70D9081C99DD690087BB5C /* ACSceneViewController.h */,
				DE70D9091C99DD690087BB5C /* ACSceneViewController.m */,
				DE80AE6B1CC3874500E8DE73 /* ACPauseControllerViewController.h */,
				DE80AE6C1CC3874500E8DE73 /* ACPauseControllerViewController.m */,
				DE80AE751CC3B59A00E8DE73 /* ACGameOverController.h */,
				DE80AE761CC3B59A00E8DE73 /* ACGameOverController.m */,
			);
			name = Controllers;
			sourceTree = "<group>";
		};
		DE70D8F61C99DD690087BB5C = {
			isa = PBXGroup;
			children = (
				DE5A9BFC1CB18C51004755F0 /* AVFoundation.framework */,
				DE70D9011C99DD690087BB5C /* spaceGame */,
				DE70D9001C99DD690087BB5C /* Products */,
			);
			sourceTree = "<group>";
		};
		DE70D9001C99DD690087BB5C /* Products */ = {
			isa = PBXGroup;
			children = (
				DE70D8FF1C99DD690087BB5C /* spaceGame.app */,
			);
			name = Products;
			sourceTree = "<group>";
		};
		DE70D9011C99DD690087BB5C /* spaceGame */ = {
			isa = PBXGroup;
			children = (
				DE80AE7C1CC3D1F700E8DE73 /* Sound */,
				BA0E7BD71CA85D9F00FF1210 /* Models */,
				DE1D912D1CB55DC700E70051 /* Controllers */,
				DE70D90B1C99DD690087BB5C /* Main.storyboard */,
				DE70D9051C99DD690087BB5C /* AppDelegate.h */,
				DE70D9061C99DD690087BB5C /* AppDelegate.m */,
				DE70D90E1C99DD690087BB5C /* Assets.xcassets */,
				DE70D9101C99DD690087BB5C /* LaunchScreen.storyboard */,
				DE70D9131C99DD690087BB5C /* Info.plist */,
				DE70D9021C99DD690087BB5C /* Supporting Files */,
			);
			path = spaceGame;
			sourceTree = "<group>";
		};
		DE70D9021C99DD690087BB5C /* Supporting Files */ = {
			isa = PBXGroup;
			children = (
				DE70D9031C99DD690087BB5C /* main.m */,
			);
			name = "Supporting Files";
			sourceTree = "<group>";
		};
		DE80AE7C1CC3D1F700E8DE73 /* Sound */ = {
			isa = PBXGroup;
			children = (
				DE0B18A71CC61FB600B07E98 /* dead2.mp3 */,
				DE0B18A81CC61FB600B07E98 /* shot1.mp3 */,
				DE80AE7A1CC3D1C700E8DE73 /* SuperBonk_TwilightSpace.mp3 */,
				DE0B18AC1CC6306100B07E98 /* gameOver3.mp3 */,
			);
			name = Sound;
			path = ..;
			sourceTree = "<group>";
		};
/* End PBXGroup section */

/* Begin PBXNativeTarget section */
		DE70D8FE1C99DD690087BB5C /* spaceGame */ = {
			isa = PBXNativeTarget;
			buildConfigurationList = DE70D9161C99DD690087BB5C /* Build configuration list for PBXNativeTarget "spaceGame" */;
			buildPhases = (
				DE70D8FB1C99DD690087BB5C /* Sources */,
				DE70D8FC1C99DD690087BB5C /* Frameworks */,
				DE70D8FD1C99DD690087BB5C /* Resources */,
			);
			buildRules = (
			);
			dependencies = (
			);
			name = spaceGame;
			productName = spaceGame;
			productReference = DE70D8FF1C99DD690087BB5C /* spaceGame.app */;
			productType = "com.apple.product-type.application";
		};
/* End PBXNativeTarget section */

/* Begin PBXProject section */
		DE70D8F71C99DD690087BB5C /* Project object */ = {
			isa = PBXProject;
			attributes = {
				LastUpgradeCheck = 0720;
				ORGANIZATIONNAME = "Aleksandr Chyzh";
				TargetAttributes = {
					DE70D8FE1C99DD690087BB5C = {
						CreatedOnToolsVersion = 7.2.1;
					};
				};
			};
			buildConfigurationList = DE70D8FA1C99DD690087BB5C /* Build configuration list for PBXProject "spaceGame" */;
			compatibilityVersion = "Xcode 3.2";
			developmentRegion = English;
			hasScannedForEncodings = 0;
			knownRegions = (
				en,
				Base,
			);
			mainGroup = DE70D8F61C99DD690087BB5C;
			productRefGroup = DE70D9001C99DD690087BB5C /* Products */;
			projectDirPath = "";
			projectRoot = "";
			targets = (
				DE70D8FE1C99DD690087BB5C /* spaceGame */,
			);
		};
/* End PBXProject section */

/* Begin PBXResourcesBuildPhase section */
		DE70D8FD1C99DD690087BB5C /* Resources */ = {
			isa = PBXResourcesBuildPhase;
			buildActionMask = 2147483647;
			files = (
				DE70D9121C99DD690087BB5C /* LaunchScreen.storyboard in Resources */,
				DE80AE7B1CC3D1C700E8DE73 /* SuperBonk_TwilightSpace.mp3 in Resources */,
				DE0B18A91CC61FB600B07E98 /* dead2.mp3 in Resources */,
				DE70D90F1C99DD690087BB5C /* Assets.xcassets in Resources */,
				DE0B18AE1CC6306100B07E98 /* gameOver3.mp3 in Resources */,
				DE0B18AA1CC61FB600B07E98 /* shot1.mp3 in Resources */,
				DE70D90D1C99DD690087BB5C /* Main.storyboard in Resources */,
			);
			runOnlyForDeploymentPostprocessing = 0;
		};
/* End PBXResourcesBuildPhase section */

/* Begin PBXSourcesBuildPhase section */
		DE70D8FB1C99DD690087BB5C /* Sources */ = {
			isa = PBXSourcesBuildPhase;
			buildActionMask = 2147483647;
			files = (
				DE2B3B221C9DD27900EE1D36 /* ACRocket.m in Sources */,
				DE80AE771CC3B59A00E8DE73 /* ACGameOverController.m in Sources */,
				DE80AE6D1CC3874500E8DE73 /* ACPauseControllerViewController.m in Sources */,
				DE70D91B1C99DDD60087BB5C /* ACSpaceShip.m in Sources */,
				DE70D90A1C99DD690087BB5C /* ACSceneViewController.m in Sources */,
				DEE360901CC7B0450067F67F /* ACMainLabel.m in Sources */,
				DE5A9BF11CB17F26004755F0 /* ACStartViewController.m in Sources */,
				DE70D9071C99DD690087BB5C /* AppDelegate.m in Sources */,
				DE2C18381C9F1F90002B9427 /* ACEnemy.m in Sources */,
				DEE3608D1CC79E080067F67F /* ACMainUIButton.m in Sources */,
				DE2C183B1C9F3278002B9427 /* ACSpaceObject.m in Sources */,
				DE70D9041C99DD690087BB5C /* main.m in Sources */,
			);
			runOnlyForDeploymentPostprocessing = 0;
		};
/* End PBXSourcesBuildPhase section */

/* Begin PBXVariantGroup section */
		DE70D90B1C99DD690087BB5C /* Main.storyboard */ = {
			isa = PBXVariantGroup;
			children = (
				DE70D90C1C99DD690087BB5C /* Base */,
			);
			name = Main.storyboard;
			sourceTree = "<group>";
		};
		DE70D9101C99DD690087BB5C /* LaunchScreen.storyboard */ = {
			isa = PBXVariantGroup;
			children = (
				DE70D9111C99DD690087BB5C /* Base */,
			);
			name = LaunchScreen.storyboard;
			sourceTree = "<group>";
		};
/* End PBXVariantGroup section */

/* Begin XCBuildConfiguration section */
		DE70D9141C99DD690087BB5C /* Debug */ = {
			isa = XCBuildConfiguration;
			buildSettings = {
				ALWAYS_SEARCH_USER_PATHS = NO;
				CLANG_CXX_LANGUAGE_STANDARD = "gnu++0x";
				CLANG_CXX_LIBRARY = "libc++";
				CLANG_ENABLE_MODULES = YES;
				CLANG_ENABLE_OBJC_ARC = YES;
				CLANG_WARN_BOOL_CONVERSION = YES;
				CLANG_WARN_CONSTANT_CONVERSION = YES;
				CLANG_WARN_DIRECT_OBJC_ISA_USAGE = YES_ERROR;
				CLANG_WARN_EMPTY_BODY = YES;
				CLANG_WARN_ENUM_CONVERSION = YES;
				CLANG_WARN_INT_CONVERSION = YES;
				CLANG_WARN_OBJC_ROOT_CLASS = YES_ERROR;
				CLANG_WARN_UNREACHABLE_CODE = YES;
				CLANG_WARN__DUPLICATE_METHOD_MATCH = YES;
				"CODE_SIGN_IDENTITY[sdk=iphoneos*]" = "iPhone Developer";
				COPY_PHASE_STRIP = NO;
				DEBUG_INFORMATION_FORMAT = dwarf;
				ENABLE_STRICT_OBJC_MSGSEND = YES;
				ENABLE_TESTABILITY = YES;
				GCC_C_LANGUAGE_STANDARD = gnu99;
				GCC_DYNAMIC_NO_PIC = NO;
				GCC_NO_COMMON_BLOCKS = YES;
				GCC_OPTIMIZATION_LEVEL = 0;
				GCC_PREPROCESSOR_DEFINITIONS = (
					"DEBUG=1",
					"$(inherited)",
				);
				GCC_WARN_64_TO_32_BIT_CONVERSION = YES;
				GCC_WARN_ABOUT_RETURN_TYPE = YES_ERROR;
				GCC_WARN_UNDECLARED_SELECTOR = YES;
				GCC_WARN_UNINITIALIZED_AUTOS = YES_AGGRESSIVE;
				GCC_WARN_UNUSED_FUNCTION = YES;
				GCC_WARN_UNUSED_VARIABLE = YES;
				IPHONEOS_DEPLOYMENT_TARGET = 9.2;
				MTL_ENABLE_DEBUG_INFO = YES;
				ONLY_ACTIVE_ARCH = YES;
				SDKROOT = iphoneos;
			};
			name = Debug;
		};
		DE70D9151C99DD690087BB5C /* Release */ = {
			isa = XCBuildConfiguration;
			buildSettings = {
				ALWAYS_SEARCH_USER_PATHS = NO;
				CLANG_CXX_LANGUAGE_STANDARD = "gnu++0x";
				CLANG_CXX_LIBRARY = "libc++";
				CLANG_ENABLE_MODULES = YES;
				CLANG_ENABLE_OBJC_ARC = YES;
				CLANG_WARN_BOOL_CONVERSION = YES;
				CLANG_WARN_CONSTANT_CONVERSION = YES;
				CLANG_WARN_DIRECT_OBJC_ISA_USAGE = YES_ERROR;
				CLANG_WARN_EMPTY_BODY = YES;
				CLANG_WARN_ENUM_CONVERSION = YES;
				CLANG_WARN_INT_CONVERSION = YES;
				CLANG_WARN_OBJC_ROOT_CLASS = YES_ERROR;
				CLANG_WARN_UNREACHABLE_CODE = YES;
				CLANG_WARN__DUPLICATE_METHOD_MATCH = YES;
				"CODE_SIGN_IDENTITY[sdk=iphoneos*]" = "iPhone Developer";
				COPY_PHASE_STRIP = NO;
				DEBUG_INFORMATION_FORMAT = "dwarf-with-dsym";
				ENABLE_NS_ASSERTIONS = NO;
				ENABLE_STRICT_OBJC_MSGSEND = YES;
				GCC_C_LANGUAGE_STANDARD = gnu99;
				GCC_NO_COMMON_BLOCKS = YES;
				GCC_WARN_64_TO_32_BIT_CONVERSION = YES;
				GCC_WARN_ABOUT_RETURN_TYPE = YES_ERROR;
				GCC_WARN_UNDECLARED_SELECTOR = YES;
				GCC_WARN_UNINITIALIZED_AUTOS = YES_AGGRESSIVE;
				GCC_WARN_UNUSED_FUNCTION = YES;
				GCC_WARN_UNUSED_VARIABLE = YES;
				IPHONEOS_DEPLOYMENT_TARGET = 9.2;
				MTL_ENABLE_DEBUG_INFO = NO;
				SDKROOT = iphoneos;
				VALIDATE_PRODUCT = YES;
			};
			name = Release;
		};
		DE70D9171C99DD690087BB5C /* Debug */ = {
			isa = XCBuildConfiguration;
			buildSettings = {
				ASSETCATALOG_COMPILER_APPICON_NAME = "AppIcon-2";
				INFOPLIST_FILE = spaceGame/Info.plist;
				LD_RUNPATH_SEARCH_PATHS = "$(inherited) @executable_path/Frameworks";
				PRODUCT_BUNDLE_IDENTIFIER = com.alecsandrchyzh.spaceGame;
				PRODUCT_NAME = "$(TARGET_NAME)";
			};
			name = Debug;
		};
		DE70D9181C99DD690087BB5C /* Release */ = {
			isa = XCBuildConfiguration;
			buildSettings = {
				ASSETCATALOG_COMPILER_APPICON_NAME = "AppIcon-2";
				INFOPLIST_FILE = spaceGame/Info.plist;
				LD_RUNPATH_SEARCH_PATHS = "$(inherited) @executable_path/Frameworks";
				PRODUCT_BUNDLE_IDENTIFIER = com.alecsandrchyzh.spaceGame;
				PRODUCT_NAME = "$(TARGET_NAME)";
			};
			name = Release;
		};
/* End XCBuildConfiguration section */

/* Begin XCConfigurationList section */
		DE70D8FA1C99DD690087BB5C /* Build configuration list for PBXProject "spaceGame" */ = {
			isa = XCConfigurationList;
			buildConfigurations = (
				DE70D9141C99DD690087BB5C /* Debug */,
				DE70D9151C99DD690087BB5C /* Release */,
			);
			defaultConfigurationIsVisible = 0;
			defaultConfigurationName = Release;
		};
		DE70D9161C99DD690087BB5C /* Build configuration list for PBXNativeTarget "spaceGame" */ = {
			isa = XCConfigurationList;
			buildConfigurations = (
				DE70D9171C99DD690087BB5C /* Debug */,
				DE70D9181C99DD690087BB5C /* Release */,
			);
			defaultConfigurationIsVisible = 0;
			defaultConfigurationName = Release;
		};
/* End XCConfigurationList section */
	};
	rootObject = DE70D8F71C99DD690087BB5C /* Project object */;
}
